// !$*UTF8*$!
{
	archiveVersion = 1;
	classes = {
	};
	objectVersion = 55;
	objects = {

/* Begin PBXBuildFile section */
		754AB3EB28E0F2C10099481F /* TaskGroupBootcamp.swift in Sources */ = {isa = PBXBuildFile; fileRef = 754AB3EA28E0F2C10099481F /* TaskGroupBootcamp.swift */; };
		754AB3ED28E289E40099481F /* CheckedContinuationBootcamp.swift in Sources */ = {isa = PBXBuildFile; fileRef = 754AB3EC28E289E40099481F /* CheckedContinuationBootcamp.swift */; };
		75D9595B28CEB8DB00B7A84A /* SwiftConcurrencyApp.swift in Sources */ = {isa = PBXBuildFile; fileRef = 75D9595A28CEB8DB00B7A84A /* SwiftConcurrencyApp.swift */; };
		75D9595D28CEB8DB00B7A84A /* ContentView.swift in Sources */ = {isa = PBXBuildFile; fileRef = 75D9595C28CEB8DB00B7A84A /* ContentView.swift */; };
		75D9595F28CEB8DC00B7A84A /* Assets.xcassets in Resources */ = {isa = PBXBuildFile; fileRef = 75D9595E28CEB8DC00B7A84A /* Assets.xcassets */; };
		75D9596228CEB8DC00B7A84A /* Preview Assets.xcassets in Resources */ = {isa = PBXBuildFile; fileRef = 75D9596128CEB8DC00B7A84A /* Preview Assets.xcassets */; };
		75D9596928CEB95800B7A84A /* DoCatchTryThrowsBootCamp.swift in Sources */ = {isa = PBXBuildFile; fileRef = 75D9596828CEB95800B7A84A /* DoCatchTryThrowsBootCamp.swift */; };
		75D9596C28D012DE00B7A84A /* DownloadImageAsync.swift in Sources */ = {isa = PBXBuildFile; fileRef = 75D9596B28D012DE00B7A84A /* DownloadImageAsync.swift */; };
		75E132D128DFB897002A0C89 /* optionClickingTask.png in Resources */ = {isa = PBXBuildFile; fileRef = 75E132D028DFB897002A0C89 /* optionClickingTask.png */; };
		75E132D328DFC13F002A0C89 /* AsyncLetBootCamp.swift in Sources */ = {isa = PBXBuildFile; fileRef = 75E132D228DFC13F002A0C89 /* AsyncLetBootCamp.swift */; };
		75E3712A28D7AF720079B875 /* AsyncAwaitBootCamp.swift in Sources */ = {isa = PBXBuildFile; fileRef = 75E3712928D7AF720079B875 /* AsyncAwaitBootCamp.swift */; };
		75E3712C28D7C4D00079B875 /* TaskBootCamp.swift in Sources */ = {isa = PBXBuildFile; fileRef = 75E3712B28D7C4D00079B875 /* TaskBootCamp.swift */; };
/* End PBXBuildFile section */

/* Begin PBXFileReference section */
		754AB3EA28E0F2C10099481F /* TaskGroupBootcamp.swift */ = {isa = PBXFileReference; lastKnownFileType = sourcecode.swift; path = TaskGroupBootcamp.swift; sourceTree = "<group>"; };
		754AB3EC28E289E40099481F /* CheckedContinuationBootcamp.swift */ = {isa = PBXFileReference; lastKnownFileType = sourcecode.swift; path = CheckedContinuationBootcamp.swift; sourceTree = "<group>"; };
		75D9595728CEB8DB00B7A84A /* SwiftConcurrency.app */ = {isa = PBXFileReference; explicitFileType = wrapper.application; includeInIndex = 0; path = SwiftConcurrency.app; sourceTree = BUILT_PRODUCTS_DIR; };
		75D9595A28CEB8DB00B7A84A /* SwiftConcurrencyApp.swift */ = {isa = PBXFileReference; lastKnownFileType = sourcecode.swift; path = SwiftConcurrencyApp.swift; sourceTree = "<group>"; };
		75D9595C28CEB8DB00B7A84A /* ContentView.swift */ = {isa = PBXFileReference; lastKnownFileType = sourcecode.swift; path = ContentView.swift; sourceTree = "<group>"; };
		75D9595E28CEB8DC00B7A84A /* Assets.xcassets */ = {isa = PBXFileReference; lastKnownFileType = folder.assetcatalog; path = Assets.xcassets; sourceTree = "<group>"; };
		75D9596128CEB8DC00B7A84A /* Preview Assets.xcassets */ = {isa = PBXFileReference; lastKnownFileType = folder.assetcatalog; path = "Preview Assets.xcassets"; sourceTree = "<group>"; };
		75D9596828CEB95800B7A84A /* DoCatchTryThrowsBootCamp.swift */ = {isa = PBXFileReference; lastKnownFileType = sourcecode.swift; path = DoCatchTryThrowsBootCamp.swift; sourceTree = "<group>"; };
		75D9596A28CEBE4B00B7A84A /* README.md */ = {isa = PBXFileReference; lastKnownFileType = net.daringfireball.markdown; path = README.md; sourceTree = "<group>"; };
		75D9596B28D012DE00B7A84A /* DownloadImageAsync.swift */ = {isa = PBXFileReference; lastKnownFileType = sourcecode.swift; path = DownloadImageAsync.swift; sourceTree = "<group>"; };
		75E132D028DFB897002A0C89 /* optionClickingTask.png */ = {isa = PBXFileReference; lastKnownFileType = image.png; path = optionClickingTask.png; sourceTree = "<group>"; };
		75E132D228DFC13F002A0C89 /* AsyncLetBootCamp.swift */ = {isa = PBXFileReference; lastKnownFileType = sourcecode.swift; path = AsyncLetBootCamp.swift; sourceTree = "<group>"; };
		75E3712928D7AF720079B875 /* AsyncAwaitBootCamp.swift */ = {isa = PBXFileReference; lastKnownFileType = sourcecode.swift; path = AsyncAwaitBootCamp.swift; sourceTree = "<group>"; };
		75E3712B28D7C4D00079B875 /* TaskBootCamp.swift */ = {isa = PBXFileReference; lastKnownFileType = sourcecode.swift; path = TaskBootCamp.swift; sourceTree = "<group>"; };
/* End PBXFileReference section */

/* Begin PBXFrameworksBuildPhase section */
		75D9595428CEB8DB00B7A84A /* Frameworks */ = {
			isa = PBXFrameworksBuildPhase;
			buildActionMask = 2147483647;
			files = (
			);
			runOnlyForDeploymentPostprocessing = 0;
		};
/* End PBXFrameworksBuildPhase section */

/* Begin PBXGroup section */
		75D9594E28CEB8DB00B7A84A = {
			isa = PBXGroup;
			children = (
				75D9596A28CEBE4B00B7A84A /* README.md */,
				75E132CF28DFB88A002A0C89 /* img */,
				75D9595928CEB8DB00B7A84A /* SwiftConcurrency */,
				75D9595828CEB8DB00B7A84A /* Products */,
			);
			sourceTree = "<group>";
		};
		75D9595828CEB8DB00B7A84A /* Products */ = {
			isa = PBXGroup;
			children = (
				75D9595728CEB8DB00B7A84A /* SwiftConcurrency.app */,
			);
			name = Products;
			sourceTree = "<group>";
		};
		75D9595928CEB8DB00B7A84A /* SwiftConcurrency */ = {
			isa = PBXGroup;
			children = (
				75D9595A28CEB8DB00B7A84A /* SwiftConcurrencyApp.swift */,
				75D9595C28CEB8DB00B7A84A /* ContentView.swift */,
				75D9596828CEB95800B7A84A /* DoCatchTryThrowsBootCamp.swift */,
				75D9596B28D012DE00B7A84A /* DownloadImageAsync.swift */,
				75E3712928D7AF720079B875 /* AsyncAwaitBootCamp.swift */,
				75E3712B28D7C4D00079B875 /* TaskBootCamp.swift */,
				75E132D228DFC13F002A0C89 /* AsyncLetBootCamp.swift */,
				754AB3EA28E0F2C10099481F /* TaskGroupBootcamp.swift */,
				754AB3EC28E289E40099481F /* CheckedContinuationBootcamp.swift */,
				75D9595E28CEB8DC00B7A84A /* Assets.xcassets */,
				75D9596028CEB8DC00B7A84A /* Preview Content */,
			);
			path = SwiftConcurrency;
			sourceTree = "<group>";
		};
		75D9596028CEB8DC00B7A84A /* Preview Content */ = {
			isa = PBXGroup;
			children = (
				75D9596128CEB8DC00B7A84A /* Preview Assets.xcassets */,
			);
			path = "Preview Content";
			sourceTree = "<group>";
		};
		75E132CF28DFB88A002A0C89 /* img */ = {
			isa = PBXGroup;
			children = (
				75E132D028DFB897002A0C89 /* optionClickingTask.png */,
			);
			path = img;
			sourceTree = "<group>";
		};
/* End PBXGroup section */

/* Begin PBXNativeTarget section */
		75D9595628CEB8DB00B7A84A /* SwiftConcurrency */ = {
			isa = PBXNativeTarget;
			buildConfigurationList = 75D9596528CEB8DC00B7A84A /* Build configuration list for PBXNativeTarget "SwiftConcurrency" */;
			buildPhases = (
				75D9595328CEB8DB00B7A84A /* Sources */,
				75D9595428CEB8DB00B7A84A /* Frameworks */,
				75D9595528CEB8DB00B7A84A /* Resources */,
			);
			buildRules = (
			);
			dependencies = (
			);
			name = SwiftConcurrency;
			productName = SwiftConcurrency;
			productReference = 75D9595728CEB8DB00B7A84A /* SwiftConcurrency.app */;
			productType = "com.apple.product-type.application";
		};
/* End PBXNativeTarget section */

/* Begin PBXProject section */
		75D9594F28CEB8DB00B7A84A /* Project object */ = {
			isa = PBXProject;
			attributes = {
				BuildIndependentTargetsInParallel = 1;
				LastSwiftUpdateCheck = 1320;
				LastUpgradeCheck = 1320;
				TargetAttributes = {
					75D9595628CEB8DB00B7A84A = {
						CreatedOnToolsVersion = 13.2.1;
					};
				};
			};
			buildConfigurationList = 75D9595228CEB8DB00B7A84A /* Build configuration list for PBXProject "SwiftConcurrency" */;
			compatibilityVersion = "Xcode 13.0";
			developmentRegion = en;
			hasScannedForEncodings = 0;
			knownRegions = (
				en,
				Base,
			);
			mainGroup = 75D9594E28CEB8DB00B7A84A;
			productRefGroup = 75D9595828CEB8DB00B7A84A /* Products */;
			projectDirPath = "";
			projectRoot = "";
			targets = (
				75D9595628CEB8DB00B7A84A /* SwiftConcurrency */,
			);
		};
/* End PBXProject section */

/* Begin PBXResourcesBuildPhase section */
		75D9595528CEB8DB00B7A84A /* Resources */ = {
			isa = PBXResourcesBuildPhase;
			buildActionMask = 2147483647;
			files = (
				75E132D128DFB897002A0C89 /* optionClickingTask.png in Resources */,
				75D9596228CEB8DC00B7A84A /* Preview Assets.xcassets in Resources */,
				75D9595F28CEB8DC00B7A84A /* Assets.xcassets in Resources */,
			);
			runOnlyForDeploymentPostprocessing = 0;
		};
/* End PBXResourcesBuildPhase section */

/* Begin PBXSourcesBuildPhase section */
		75D9595328CEB8DB00B7A84A /* Sources */ = {
			isa = PBXSourcesBuildPhase;
			buildActionMask = 2147483647;
			files = (
				75D9596C28D012DE00B7A84A /* DownloadImageAsync.swift in Sources */,
				75E3712C28D7C4D00079B875 /* TaskBootCamp.swift in Sources */,
				75D9596928CEB95800B7A84A /* DoCatchTryThrowsBootCamp.swift in Sources */,
				754AB3ED28E289E40099481F /* CheckedContinuationBootcamp.swift in Sources */,
				75D9595D28CEB8DB00B7A84A /* ContentView.swift in Sources */,
				75E3712A28D7AF720079B875 /* AsyncAwaitBootCamp.swift in Sources */,
				75D9595B28CEB8DB00B7A84A /* SwiftConcurrencyApp.swift in Sources */,
				75E132D328DFC13F002A0C89 /* AsyncLetBootCamp.swift in Sources */,
				754AB3EB28E0F2C10099481F /* TaskGroupBootcamp.swift in Sources */,
			);
			runOnlyForDeploymentPostprocessing = 0;
		};
/* End PBXSourcesBuildPhase section */

/* Begin XCBuildConfiguration section */
		75D9596328CEB8DC00B7A84A /* Debug */ = {
			isa = XCBuildConfiguration;
			buildSettings = {
				ALWAYS_SEARCH_USER_PATHS = NO;
				CLANG_ANALYZER_NONNULL = YES;
				CLANG_ANALYZER_NUMBER_OBJECT_CONVERSION = YES_AGGRESSIVE;
				CLANG_CXX_LANGUAGE_STANDARD = "gnu++17";
				CLANG_CXX_LIBRARY = "libc++";
				CLANG_ENABLE_MODULES = YES;
				CLANG_ENABLE_OBJC_ARC = YES;
				CLANG_ENABLE_OBJC_WEAK = YES;
				CLANG_WARN_BLOCK_CAPTURE_AUTORELEASING = YES;
				CLANG_WARN_BOOL_CONVERSION = YES;
				CLANG_WARN_COMMA = YES;
				CLANG_WARN_CONSTANT_CONVERSION = YES;
				CLANG_WARN_DEPRECATED_OBJC_IMPLEMENTATIONS = YES;
				CLANG_WARN_DIRECT_OBJC_ISA_USAGE = YES_ERROR;
				CLANG_WARN_DOCUMENTATION_COMMENTS = YES;
				CLANG_WARN_EMPTY_BODY = YES;
				CLANG_WARN_ENUM_CONVERSION = YES;
				CLANG_WARN_INFINITE_RECURSION = YES;
				CLANG_WARN_INT_CONVERSION = YES;
				CLANG_WARN_NON_LITERAL_NULL_CONVERSION = YES;
				CLANG_WARN_OBJC_IMPLICIT_RETAIN_SELF = YES;
				CLANG_WARN_OBJC_LITERAL_CONVERSION = YES;
				CLANG_WARN_OBJC_ROOT_CLASS = YES_ERROR;
				CLANG_WARN_QUOTED_INCLUDE_IN_FRAMEWORK_HEADER = YES;
				CLANG_WARN_RANGE_LOOP_ANALYSIS = YES;
				CLANG_WARN_STRICT_PROTOTYPES = YES;
				CLANG_WARN_SUSPICIOUS_MOVE = YES;
				CLANG_WARN_UNGUARDED_AVAILABILITY = YES_AGGRESSIVE;
				CLANG_WARN_UNREACHABLE_CODE = YES;
				CLANG_WARN__DUPLICATE_METHOD_MATCH = YES;
				COPY_PHASE_STRIP = NO;
				DEBUG_INFORMATION_FORMAT = dwarf;
				ENABLE_STRICT_OBJC_MSGSEND = YES;
				ENABLE_TESTABILITY = YES;
				GCC_C_LANGUAGE_STANDARD = gnu11;
				GCC_DYNAMIC_NO_PIC = NO;
				GCC_NO_COMMON_BLOCKS = YES;
				GCC_OPTIMIZATION_LEVEL = 0;
				GCC_PREPROCESSOR_DEFINITIONS = (
					"DEBUG=1",
					"$(inherited)",
				);
				GCC_WARN_64_TO_32_BIT_CONVERSION = YES;
				GCC_WARN_ABOUT_RETURN_TYPE = YES_ERROR;
				GCC_WARN_UNDECLARED_SELECTOR = YES;
				GCC_WARN_UNINITIALIZED_AUTOS = YES_AGGRESSIVE;
				GCC_WARN_UNUSED_FUNCTION = YES;
				GCC_WARN_UNUSED_VARIABLE = YES;
				IPHONEOS_DEPLOYMENT_TARGET = 15.2;
				MTL_ENABLE_DEBUG_INFO = INCLUDE_SOURCE;
				MTL_FAST_MATH = YES;
				ONLY_ACTIVE_ARCH = YES;
				SDKROOT = iphoneos;
				SWIFT_ACTIVE_COMPILATION_CONDITIONS = DEBUG;
				SWIFT_OPTIMIZATION_LEVEL = "-Onone";
			};
			name = Debug;
		};
		75D9596428CEB8DC00B7A84A /* Release */ = {
			isa = XCBuildConfiguration;
			buildSettings = {
				ALWAYS_SEARCH_USER_PATHS = NO;
				CLANG_ANALYZER_NONNULL = YES;
				CLANG_ANALYZER_NUMBER_OBJECT_CONVERSION = YES_AGGRESSIVE;
				CLANG_CXX_LANGUAGE_STANDARD = "gnu++17";
				CLANG_CXX_LIBRARY = "libc++";
				CLANG_ENABLE_MODULES = YES;
				CLANG_ENABLE_OBJC_ARC = YES;
				CLANG_ENABLE_OBJC_WEAK = YES;
				CLANG_WARN_BLOCK_CAPTURE_AUTORELEASING = YES;
				CLANG_WARN_BOOL_CONVERSION = YES;
				CLANG_WARN_COMMA = YES;
				CLANG_WARN_CONSTANT_CONVERSION = YES;
				CLANG_WARN_DEPRECATED_OBJC_IMPLEMENTATIONS = YES;
				CLANG_WARN_DIRECT_OBJC_ISA_USAGE = YES_ERROR;
				CLANG_WARN_DOCUMENTATION_COMMENTS = YES;
				CLANG_WARN_EMPTY_BODY = YES;
				CLANG_WARN_ENUM_CONVERSION = YES;
				CLANG_WARN_INFINITE_RECURSION = YES;
				CLANG_WARN_INT_CONVERSION = YES;
				CLANG_WARN_NON_LITERAL_NULL_CONVERSION = YES;
				CLANG_WARN_OBJC_IMPLICIT_RETAIN_SELF = YES;
				CLANG_WARN_OBJC_LITERAL_CONVERSION = YES;
				CLANG_WARN_OBJC_ROOT_CLASS = YES_ERROR;
				CLANG_WARN_QUOTED_INCLUDE_IN_FRAMEWORK_HEADER = YES;
				CLANG_WARN_RANGE_LOOP_ANALYSIS = YES;
				CLANG_WARN_STRICT_PROTOTYPES = YES;
				CLANG_WARN_SUSPICIOUS_MOVE = YES;
				CLANG_WARN_UNGUARDED_AVAILABILITY = YES_AGGRESSIVE;
				CLANG_WARN_UNREACHABLE_CODE = YES;
				CLANG_WARN__DUPLICATE_METHOD_MATCH = YES;
				COPY_PHASE_STRIP = NO;
				DEBUG_INFORMATION_FORMAT = "dwarf-with-dsym";
				ENABLE_NS_ASSERTIONS = NO;
				ENABLE_STRICT_OBJC_MSGSEND = YES;
				GCC_C_LANGUAGE_STANDARD = gnu11;
				GCC_NO_COMMON_BLOCKS = YES;
				GCC_WARN_64_TO_32_BIT_CONVERSION = YES;
				GCC_WARN_ABOUT_RETURN_TYPE = YES_ERROR;
				GCC_WARN_UNDECLARED_SELECTOR = YES;
				GCC_WARN_UNINITIALIZED_AUTOS = YES_AGGRESSIVE;
				GCC_WARN_UNUSED_FUNCTION = YES;
				GCC_WARN_UNUSED_VARIABLE = YES;
				IPHONEOS_DEPLOYMENT_TARGET = 15.2;
				MTL_ENABLE_DEBUG_INFO = NO;
				MTL_FAST_MATH = YES;
				SDKROOT = iphoneos;
				SWIFT_COMPILATION_MODE = wholemodule;
				SWIFT_OPTIMIZATION_LEVEL = "-O";
				VALIDATE_PRODUCT = YES;
			};
			name = Release;
		};
		75D9596628CEB8DC00B7A84A /* Debug */ = {
			isa = XCBuildConfiguration;
			buildSettings = {
				ASSETCATALOG_COMPILER_APPICON_NAME = AppIcon;
				ASSETCATALOG_COMPILER_GLOBAL_ACCENT_COLOR_NAME = AccentColor;
				CODE_SIGN_STYLE = Automatic;
				CURRENT_PROJECT_VERSION = 1;
				DEVELOPMENT_ASSET_PATHS = "\"SwiftConcurrency/Preview Content\"";
				DEVELOPMENT_TEAM = 6DR6N9843T;
				ENABLE_PREVIEWS = YES;
				GENERATE_INFOPLIST_FILE = YES;
				INFOPLIST_KEY_UIApplicationSceneManifest_Generation = YES;
				INFOPLIST_KEY_UIApplicationSupportsIndirectInputEvents = YES;
				INFOPLIST_KEY_UILaunchScreen_Generation = YES;
				INFOPLIST_KEY_UISupportedInterfaceOrientations_iPad = "UIInterfaceOrientationPortrait UIInterfaceOrientationPortraitUpsideDown UIInterfaceOrientationLandscapeLeft UIInterfaceOrientationLandscapeRight";
				INFOPLIST_KEY_UISupportedInterfaceOrientations_iPhone = "UIInterfaceOrientationPortrait UIInterfaceOrientationLandscapeLeft UIInterfaceOrientationLandscapeRight";
				LD_RUNPATH_SEARCH_PATHS = (
					"$(inherited)",
					"@executable_path/Frameworks",
				);
				MARKETING_VERSION = 1.0;
				PRODUCT_BUNDLE_IDENTIFIER = agholson.SwiftConcurrency;
				PRODUCT_NAME = "$(TARGET_NAME)";
				SWIFT_EMIT_LOC_STRINGS = YES;
				SWIFT_VERSION = 5.0;
				TARGETED_DEVICE_FAMILY = "1,2";
			};
			name = Debug;
		};
		75D9596728CEB8DC00B7A84A /* Release */ = {
			isa = XCBuildConfiguration;
			buildSettings = {
				ASSETCATALOG_COMPILER_APPICON_NAME = AppIcon;
				ASSETCATALOG_COMPILER_GLOBAL_ACCENT_COLOR_NAME = AccentColor;
				CODE_SIGN_STYLE = Automatic;
				CURRENT_PROJECT_VERSION = 1;
				DEVELOPMENT_ASSET_PATHS = "\"SwiftConcurrency/Preview Content\"";
				DEVELOPMENT_TEAM = 6DR6N9843T;
				ENABLE_PREVIEWS = YES;
				GENERATE_INFOPLIST_FILE = YES;
				INFOPLIST_KEY_UIApplicationSceneManifest_Generation = YES;
				INFOPLIST_KEY_UIApplicationSupportsIndirectInputEvents = YES;
				INFOPLIST_KEY_UILaunchScreen_Generation = YES;
				INFOPLIST_KEY_UISupportedInterfaceOrientations_iPad = "UIInterfaceOrientationPortrait UIInterfaceOrientationPortraitUpsideDown UIInterfaceOrientationLandscapeLeft UIInterfaceOrientationLandscapeRight";
				INFOPLIST_KEY_UISupportedInterfaceOrientations_iPhone = "UIInterfaceOrientationPortrait UIInterfaceOrientationLandscapeLeft UIInterfaceOrientationLandscapeRight";
				LD_RUNPATH_SEARCH_PATHS = (
					"$(inherited)",
					"@executable_path/Frameworks",
				);
				MARKETING_VERSION = 1.0;
				PRODUCT_BUNDLE_IDENTIFIER = agholson.SwiftConcurrency;
				PRODUCT_NAME = "$(TARGET_NAME)";
				SWIFT_EMIT_LOC_STRINGS = YES;
				SWIFT_VERSION = 5.0;
				TARGETED_DEVICE_FAMILY = "1,2";
			};
			name = Release;
		};
/* End XCBuildConfiguration section */

/* Begin XCConfigurationList section */
		75D9595228CEB8DB00B7A84A /* Build configuration list for PBXProject "SwiftConcurrency" */ = {
			isa = XCConfigurationList;
			buildConfigurations = (
				75D9596328CEB8DC00B7A84A /* Debug */,
				75D9596428CEB8DC00B7A84A /* Release */,
			);
			defaultConfigurationIsVisible = 0;
			defaultConfigurationName = Release;
		};
		75D9596528CEB8DC00B7A84A /* Build configuration list for PBXNativeTarget "SwiftConcurrency" */ = {
			isa = XCConfigurationList;
			buildConfigurations = (
				75D9596628CEB8DC00B7A84A /* Debug */,
				75D9596728CEB8DC00B7A84A /* Release */,
			);
			defaultConfigurationIsVisible = 0;
			defaultConfigurationName = Release;
		};
/* End XCConfigurationList section */
	};
	rootObject = 75D9594F28CEB8DB00B7A84A /* Project object */;
}
